Microsoft Visual Studio Solution File, Format Version 11.00
# Visual Studio 2008

Project("{DFC46FCE-A96F-8247-A317-59CB85D7AB99}") = "IntroToPathfinding", "Assembly-CSharp.csproj", "{92E6900D-ADCC-5D69-34C1-6B9595B8F156}"
EndProject
Global
	GlobalSection(SolutionConfigurationPlatforms) = preSolution
		Debug|Any CPU = Debug|Any CPU
		Release|Any CPU = Release|Any CPU
	EndGlobalSection
	GlobalSection(ProjectConfigurationPlatforms) = postSolution
		{92E6900D-ADCC-5D69-34C1-6B9595B8F156}.Debug|Any CPU.ActiveCfg = Debug|Any CPU
		{92E6900D-ADCC-5D69-34C1-6B9595B8F156}.Debug|Any CPU.Build.0 = Debug|Any CPU
		{92E6900D-ADCC-5D69-34C1-6B9595B8F156}.Release|Any CPU.ActiveCfg = Release|Any CPU
		{92E6900D-ADCC-5D69-34C1-6B9595B8F156}.Release|Any CPU.Build.0 = Release|Any CPU
	EndGlobalSection
	GlobalSection(SolutionProperties) = preSolution
		HideSolutionNode = FALSE
	EndGlobalSection
	GlobalSection(MonoDevelopProperties) = preSolution
		StartupItem = Assembly-CSharp.csproj
	EndGlobalSection
EndGlobal
